<?xml version="1.0" encoding="utf-8"?>
<Project ToolsVersion="4.0" xmlns="http://schemas.microsoft.com/developer/msbuild/2003">
  <ItemGroup>
    <Filter Include="learning_engine">
      <UniqueIdentifier>{AA6B9751-16F7-0416-1F08-880A8B126116}</UniqueIdentifier>
    </Filter>
    <Filter Include="learning_engine\Events">
      <UniqueIdentifier>{4E14DEF4-3A0E-0747-237B-9D570F146DB3}</UniqueIdentifier>
    </Filter>
  </ItemGroup>
  <ItemGroup>
    <ClInclude Include="src\LE.h" />
    <ClInclude Include="src\learning_engine\Application.h">
      <Filter>learning_engine</Filter>
    </ClInclude>
    <ClInclude Include="src\learning_engine\Core.h">
      <Filter>learning_engine</Filter>
    </ClInclude>
    <ClInclude Include="src\learning_engine\EntryPoint.h">
      <Filter>learning_engine</Filter>
    </ClInclude>
    <ClInclude Include="src\learning_engine\Events\ApplicationEvent.h">
      <Filter>learning_engine\Events</Filter>
    </ClInclude>
    <ClInclude Include="src\learning_engine\Events\Event.h">
      <Filter>learning_engine\Events</Filter>
    </ClInclude>
    <ClInclude Include="src\learning_engine\Events\KeyEvent.h">
      <Filter>learning_engine\Events</Filter>
    </ClInclude>
    <ClInclude Include="src\learning_engine\Events\MouseEvent.h">
      <Filter>learning_engine\Events</Filter>
    </ClInclude>
    <ClInclude Include="src\learning_engine\Log.h">
      <Filter>learning_engine</Filter>
    </ClInclude>
    <ClInclude Include="src\lepch.h" />
  </ItemGroup>
  <ItemGroup>
    <ClCompile Include="src\learning_engine\Application.cpp">
      <Filter>learning_engine</Filter>
    </ClCompile>
    <ClCompile Include="src\learning_engine\Log.cpp">
      <Filter>learning_engine</Filter>
    </ClCompile>
    <ClCompile Include="src\lepch.cpp" />
  </ItemGroup>
</Project>